
Microsoft Visual Studio Solution File, Format Version 12.00
# Visual Studio 14
VisualStudioVersion = 14.0.23107.0
MinimumVisualStudioVersion = 10.0.40219.1
Project("{FAE04EC0-301F-11D3-BF4B-00C04F79EFBC}") = "ICSLicenseMaint", "ICSLicenseMaint\ICSLicenseMaint.csproj", "{2B309491-2711-452E-B0B7-9450D8B8E527}"
EndProject
Project("{FAE04EC0-301F-11D3-BF4B-00C04F79EFBC}") = "ICSLicenseMaintV2", "ICSLicenseMaintV2\ICSLicenseMaintV2.csproj", "{05E96033-98B4-483E-90ED-FF3FCFD3B1A7}"
EndProject
Global
	GlobalSection(SolutionConfigurationPlatforms) = preSolution
		Debug|Any CPU = Debug|Any CPU
		Release|Any CPU = Release|Any CPU
	EndGlobalSection
	GlobalSection(ProjectConfigurationPlatforms) = postSolution
		{2B309491-2711-452E-B0B7-9450D8B8E527}.Debug|Any CPU.ActiveCfg = Debug|Any CPU
		{2B309491-2711-452E-B0B7-9450D8B8E527}.Debug|Any CPU.Build.0 = Debug|Any CPU
		{2B309491-2711-452E-B0B7-9450D8B8E527}.Release|Any CPU.ActiveCfg = Release|Any CPU
		{2B309491-2711-452E-B0B7-9450D8B8E527}.Release|Any CPU.Build.0 = Release|Any CPU
		{05E96033-98B4-483E-90ED-FF3FCFD3B1A7}.Debug|Any CPU.ActiveCfg = Debug|Any CPU
		{05E96033-98B4-483E-90ED-FF3FCFD3B1A7}.Debug|Any CPU.Build.0 = Debug|Any CPU
		{05E96033-98B4-483E-90ED-FF3FCFD3B1A7}.Release|Any CPU.ActiveCfg = Release|Any CPU
		{05E96033-98B4-483E-90ED-FF3FCFD3B1A7}.Release|Any CPU.Build.0 = Release|Any CPU
	EndGlobalSection
	GlobalSection(SolutionProperties) = preSolution
		HideSolutionNode = FALSE
	EndGlobalSection
EndGlobal
